
Microsoft Visual Studio Solution File, Format Version 12.00
# Visual Studio Version 17
VisualStudioVersion = 17.7.34031.279
MinimumVisualStudioVersion = 10.0.40219.1
Project("{FAE04EC0-301F-11D3-BF4B-00C04F79EFBC}") = "Pratik1", "Pratik1\Pratik1.csproj", "{EBFB949A-0684-4315-8483-8A49D40FD4DA}"
EndProject
Global
	GlobalSection(SolutionConfigurationPlatforms) = preSolution
		Debug|Any CPU = Debug|Any CPU
		Release|Any CPU = Release|Any CPU
	EndGlobalSection
	GlobalSection(ProjectConfigurationPlatforms) = postSolution
		{EBFB949A-0684-4315-8483-8A49D40FD4DA}.Debug|Any CPU.ActiveCfg = Debug|Any CPU
		{EBFB949A-0684-4315-8483-8A49D40FD4DA}.Debug|Any CPU.Build.0 = Debug|Any CPU
		{EBFB949A-0684-4315-8483-8A49D40FD4DA}.Release|Any CPU.ActiveCfg = Release|Any CPU
		{EBFB949A-0684-4315-8483-8A49D40FD4DA}.Release|Any CPU.Build.0 = Release|Any CPU
	EndGlobalSection
	GlobalSection(SolutionProperties) = preSolution
		HideSolutionNode = FALSE
	EndGlobalSection
	GlobalSection(ExtensibilityGlobals) = postSolution
		SolutionGuid = {F8EF5338-F188-47EB-A5AE-86DE96BF406F}
	EndGlobalSection
EndGlobal
