
Microsoft Visual Studio Solution File, Format Version 12.00
# Visual Studio Version 17
VisualStudioVersion = 17.7.34031.279
MinimumVisualStudioVersion = 10.0.40219.1
Project("{FAE04EC0-301F-11D3-BF4B-00C04F79EFBC}") = "PratikBir", "PratikBir\PratikBir.csproj", "{9AF5E50D-0891-46F1-9CCE-83F69F62979E}"
EndProject
Project("{FAE04EC0-301F-11D3-BF4B-00C04F79EFBC}") = "PracticeTwo", "PracticeTwo\PracticeTwo.csproj", "{430D0C5F-0456-4941-9C88-F962ADC852D6}"
EndProject
Project("{FAE04EC0-301F-11D3-BF4B-00C04F79EFBC}") = "PracticeThree", "PracticeThree\PracticeThree.csproj", "{2A07E5A7-6B63-4A50-9473-A7512B659C0B}"
EndProject
Project("{FAE04EC0-301F-11D3-BF4B-00C04F79EFBC}") = "PracticeFour", "PracticeFour\PracticeFour.csproj", "{0F87C68E-385D-4D4B-B123-AD035F90BD2E}"
EndProject
Project("{FAE04EC0-301F-11D3-BF4B-00C04F79EFBC}") = "PracticeFive", "PracticeFive\PracticeFive.csproj", "{A0397C80-CAE2-4AD5-B25F-7F5526779048}"
EndProject
Global
	GlobalSection(SolutionConfigurationPlatforms) = preSolution
		Debug|Any CPU = Debug|Any CPU
		Release|Any CPU = Release|Any CPU
	EndGlobalSection
	GlobalSection(ProjectConfigurationPlatforms) = postSolution
		{9AF5E50D-0891-46F1-9CCE-83F69F62979E}.Debug|Any CPU.ActiveCfg = Debug|Any CPU
		{9AF5E50D-0891-46F1-9CCE-83F69F62979E}.Debug|Any CPU.Build.0 = Debug|Any CPU
		{9AF5E50D-0891-46F1-9CCE-83F69F62979E}.Release|Any CPU.ActiveCfg = Release|Any CPU
		{9AF5E50D-0891-46F1-9CCE-83F69F62979E}.Release|Any CPU.Build.0 = Release|Any CPU
		{430D0C5F-0456-4941-9C88-F962ADC852D6}.Debug|Any CPU.ActiveCfg = Debug|Any CPU
		{430D0C5F-0456-4941-9C88-F962ADC852D6}.Debug|Any CPU.Build.0 = Debug|Any CPU
		{430D0C5F-0456-4941-9C88-F962ADC852D6}.Release|Any CPU.ActiveCfg = Release|Any CPU
		{430D0C5F-0456-4941-9C88-F962ADC852D6}.Release|Any CPU.Build.0 = Release|Any CPU
		{2A07E5A7-6B63-4A50-9473-A7512B659C0B}.Debug|Any CPU.ActiveCfg = Debug|Any CPU
		{2A07E5A7-6B63-4A50-9473-A7512B659C0B}.Debug|Any CPU.Build.0 = Debug|Any CPU
		{2A07E5A7-6B63-4A50-9473-A7512B659C0B}.Release|Any CPU.ActiveCfg = Release|Any CPU
		{2A07E5A7-6B63-4A50-9473-A7512B659C0B}.Release|Any CPU.Build.0 = Release|Any CPU
		{0F87C68E-385D-4D4B-B123-AD035F90BD2E}.Debug|Any CPU.ActiveCfg = Debug|Any CPU
		{0F87C68E-385D-4D4B-B123-AD035F90BD2E}.Debug|Any CPU.Build.0 = Debug|Any CPU
		{0F87C68E-385D-4D4B-B123-AD035F90BD2E}.Release|Any CPU.ActiveCfg = Release|Any CPU
		{0F87C68E-385D-4D4B-B123-AD035F90BD2E}.Release|Any CPU.Build.0 = Release|Any CPU
		{A0397C80-CAE2-4AD5-B25F-7F5526779048}.Debug|Any CPU.ActiveCfg = Debug|Any CPU
		{A0397C80-CAE2-4AD5-B25F-7F5526779048}.Debug|Any CPU.Build.0 = Debug|Any CPU
		{A0397C80-CAE2-4AD5-B25F-7F5526779048}.Release|Any CPU.ActiveCfg = Release|Any CPU
		{A0397C80-CAE2-4AD5-B25F-7F5526779048}.Release|Any CPU.Build.0 = Release|Any CPU
	EndGlobalSection
	GlobalSection(SolutionProperties) = preSolution
		HideSolutionNode = FALSE
	EndGlobalSection
	GlobalSection(ExtensibilityGlobals) = postSolution
		SolutionGuid = {F8EF5338-F188-47EB-A5AE-86DE96BF406F}
	EndGlobalSection
EndGlobal
